
Microsoft Visual Studio Solution File, Format Version 12.00
# Visual Studio 15
Project("{FAE04EC0-301F-11D3-BF4B-00C04F79EFBC}") = "UnityEngine.TestRunner", "UnityEngine.TestRunner.csproj", "{8E735B15-984D-B3BC-0357-8D0252D9C5F3}"
EndProject
Project("{FAE04EC0-301F-11D3-BF4B-00C04F79EFBC}") = "Unity.Mathematics", "Unity.Mathematics.csproj", "{444B8F75-3407-7322-9C02-CEC037A5081B}"
EndProject
Project("{FAE04EC0-301F-11D3-BF4B-00C04F79EFBC}") = "Unity.2D.Animation.Triangle.Runtime", "Unity.2D.Animation.Triangle.Runtime.csproj", "{1210E987-C01F-980F-6297-5382C7DB655A}"
EndProject
Project("{FAE04EC0-301F-11D3-BF4B-00C04F79EFBC}") = "Unity.Timeline", "Unity.Timeline.csproj", "{DA5E5A9D-BA7C-B3F3-299A-B0B59CEC2194}"
EndProject
Project("{FAE04EC0-301F-11D3-BF4B-00C04F79EFBC}") = "UnityEngine.UI", "UnityEngine.UI.csproj", "{CB3B882A-4A7E-29B5-8D66-E02B34D0D8D1}"
EndProject
Project("{FAE04EC0-301F-11D3-BF4B-00C04F79EFBC}") = "Unity.TextMeshPro", "Unity.TextMeshPro.csproj", "{A1293C06-5192-F4F5-7B06-E273BFA88522}"
EndProject
Project("{FAE04EC0-301F-11D3-BF4B-00C04F79EFBC}") = "Unity.2D.Animation.Runtime", "Unity.2D.Animation.Runtime.csproj", "{583DB65D-6CDB-55B8-F0AF-64A1F20964CB}"
EndProject
Project("{FAE04EC0-301F-11D3-BF4B-00C04F79EFBC}") = "Unity.2D.IK.Runtime", "Unity.2D.IK.Runtime.csproj", "{4F30C7E9-9AA8-950A-EA4F-E6F0EB641143}"
EndProject
Project("{FAE04EC0-301F-11D3-BF4B-00C04F79EFBC}") = "Unity.2D.SpriteShape.Runtime", "Unity.2D.SpriteShape.Runtime.csproj", "{FB32C18F-49CC-3B01-3E19-7C80F27C3016}"
EndProject
Project("{FAE04EC0-301F-11D3-BF4B-00C04F79EFBC}") = "Assembly-CSharp", "Assembly-CSharp.csproj", "{E073CFEA-6EB1-AAE6-1893-5C6D6EBD8275}"
EndProject
Project("{FAE04EC0-301F-11D3-BF4B-00C04F79EFBC}") = "Unity.2D.PixelPerfect", "Unity.2D.PixelPerfect.csproj", "{B0C59120-D49A-8312-A4DE-FD22048D2D42}"
EndProject
Project("{FAE04EC0-301F-11D3-BF4B-00C04F79EFBC}") = "Unity.2D.Common.Runtime", "Unity.2D.Common.Runtime.csproj", "{6306BECE-C121-3E5C-F1EE-1285693A6248}"
EndProject
Project("{FAE04EC0-301F-11D3-BF4B-00C04F79EFBC}") = "Unity.InternalAPIEngineBridge.001", "Unity.InternalAPIEngineBridge.001.csproj", "{24CDBD51-B6A8-4090-69A1-5B487EA6E347}"
EndProject
Project("{FAE04EC0-301F-11D3-BF4B-00C04F79EFBC}") = "UnityEditor.TestRunner", "UnityEditor.TestRunner.csproj", "{5A8CABE8-2A74-A8EE-7561-462C49C3A326}"
EndProject
Project("{FAE04EC0-301F-11D3-BF4B-00C04F79EFBC}") = "UnityEditor.UI", "UnityEditor.UI.csproj", "{0A84242A-8D06-F70D-644C-53F6B3D98A2E}"
EndProject
Project("{FAE04EC0-301F-11D3-BF4B-00C04F79EFBC}") = "Unity.Timeline.Editor", "Unity.Timeline.Editor.csproj", "{BA34B597-906A-EA9C-2CE8-25458D342D6D}"
EndProject
Project("{FAE04EC0-301F-11D3-BF4B-00C04F79EFBC}") = "Unity.VisualStudio.Editor", "Unity.VisualStudio.Editor.csproj", "{C95A14A2-CCFB-87B0-C102-2EF52029B1F6}"
EndProject
Project("{FAE04EC0-301F-11D3-BF4B-00C04F79EFBC}") = "Unity.2D.Psdimporter.Editor", "Unity.2D.Psdimporter.Editor.csproj", "{F81434C2-8ECB-8D80-14F7-5857D8DEADA3}"
EndProject
Project("{FAE04EC0-301F-11D3-BF4B-00C04F79EFBC}") = "Unity.2D.Animation.Editor", "Unity.2D.Animation.Editor.csproj", "{34B4126D-452D-66BC-41EC-1C766AAB35E1}"
EndProject
Project("{FAE04EC0-301F-11D3-BF4B-00C04F79EFBC}") = "Unity.TextMeshPro.Editor", "Unity.TextMeshPro.Editor.csproj", "{EE37CBA4-B1C0-9351-79C7-CCEFA89ECC47}"
EndProject
Project("{FAE04EC0-301F-11D3-BF4B-00C04F79EFBC}") = "Unity.2D.SpriteShape.Editor", "Unity.2D.SpriteShape.Editor.csproj", "{F412F4CE-8666-783D-3E02-E3E1C12B1109}"
EndProject
Project("{FAE04EC0-301F-11D3-BF4B-00C04F79EFBC}") = "Unity.CollabProxy.Editor", "Unity.CollabProxy.Editor.csproj", "{387EFAFE-FF9C-454E-7061-29BE039E414F}"
EndProject
Project("{FAE04EC0-301F-11D3-BF4B-00C04F79EFBC}") = "PsdPlugin", "PsdPlugin.csproj", "{C303704C-2A0B-0174-3BFE-16168D1AC401}"
EndProject
Project("{FAE04EC0-301F-11D3-BF4B-00C04F79EFBC}") = "Unity.2D.Path.Editor", "Unity.2D.Path.Editor.csproj", "{F856129F-ABB6-5E4F-D631-37AE59D6345F}"
EndProject
Project("{FAE04EC0-301F-11D3-BF4B-00C04F79EFBC}") = "Unity.Rider.Editor", "Unity.Rider.Editor.csproj", "{13B8B1D7-6ED2-BD65-FCCD-B8855510AF27}"
EndProject
Project("{FAE04EC0-301F-11D3-BF4B-00C04F79EFBC}") = "Unity.2D.IK.Editor", "Unity.2D.IK.Editor.csproj", "{4B174620-9FE3-104A-4F54-BE6102DF4537}"
EndProject
Project("{FAE04EC0-301F-11D3-BF4B-00C04F79EFBC}") = "Unity.2D.Sprite.Editor", "Unity.2D.Sprite.Editor.csproj", "{6F387AE9-685D-3BA2-8A58-1A3F4EAD8815}"
EndProject
Project("{FAE04EC0-301F-11D3-BF4B-00C04F79EFBC}") = "Unity.2D.Tilemap.Editor", "Unity.2D.Tilemap.Editor.csproj", "{C7BCC9F3-94E9-5364-E128-06E2070263D7}"
EndProject
Project("{FAE04EC0-301F-11D3-BF4B-00C04F79EFBC}") = "Unity.2D.PixelPerfect.Editor", "Unity.2D.PixelPerfect.Editor.csproj", "{092D6FBB-E503-6DA6-C546-B04A58D8FECC}"
EndProject
Project("{FAE04EC0-301F-11D3-BF4B-00C04F79EFBC}") = "Unity.VSCode.Editor", "Unity.VSCode.Editor.csproj", "{C3352FE7-8B18-E779-433B-D8E3021050CD}"
EndProject
Project("{FAE04EC0-301F-11D3-BF4B-00C04F79EFBC}") = "Unity.2D.Common.Editor", "Unity.2D.Common.Editor.csproj", "{A2E65C75-9FE6-8BF1-C288-8645B81DF0A1}"
EndProject
Project("{FAE04EC0-301F-11D3-BF4B-00C04F79EFBC}") = "Unity.Mathematics.Editor", "Unity.Mathematics.Editor.csproj", "{DC6B50D1-4E08-B6C2-D387-C52A543D2836}"
EndProject
Project("{FAE04EC0-301F-11D3-BF4B-00C04F79EFBC}") = "Unity.InternalAPIEditorBridge.001", "Unity.InternalAPIEditorBridge.001.csproj", "{A2EC4139-415D-0C7A-7CE1-B16CBD3DA3DB}"
EndProject
Project("{FAE04EC0-301F-11D3-BF4B-00C04F79EFBC}") = "UnityEngine.TestRunner", "UnityEngine.TestRunner.Player.csproj", "{6B333EC9-43A8-E2F3-8D27-8743F7FCF685}"
EndProject
Project("{FAE04EC0-301F-11D3-BF4B-00C04F79EFBC}") = "Unity.Mathematics", "Unity.Mathematics.Player.csproj", "{F9BD4A5C-4577-DC46-F128-BAEDF2676CE2}"
EndProject
Project("{FAE04EC0-301F-11D3-BF4B-00C04F79EFBC}") = "Unity.2D.Animation.Triangle.Runtime", "Unity.2D.Animation.Triangle.Runtime.Player.csproj", "{9A87C001-A54C-06F6-CDAC-C093C4757424}"
EndProject
Project("{FAE04EC0-301F-11D3-BF4B-00C04F79EFBC}") = "Unity.Timeline", "Unity.Timeline.Player.csproj", "{9D8AB998-B393-E675-044B-70B8086D0D39}"
EndProject
Project("{FAE04EC0-301F-11D3-BF4B-00C04F79EFBC}") = "UnityEngine.UI", "UnityEngine.UI.Player.csproj", "{85E3D45A-BD54-F979-313B-D744BCDFC544}"
EndProject
Project("{FAE04EC0-301F-11D3-BF4B-00C04F79EFBC}") = "Unity.TextMeshPro", "Unity.TextMeshPro.Player.csproj", "{CDE8B9CE-5518-B79F-81D3-C45C0BC6172E}"
EndProject
Project("{FAE04EC0-301F-11D3-BF4B-00C04F79EFBC}") = "Unity.2D.Animation.Runtime", "Unity.2D.Animation.Runtime.Player.csproj", "{1CD9E260-6C4B-B9B4-500C-B41CCA1EBD03}"
EndProject
Project("{FAE04EC0-301F-11D3-BF4B-00C04F79EFBC}") = "Unity.2D.IK.Runtime", "Unity.2D.IK.Runtime.Player.csproj", "{2FF3B1E5-A580-6B1E-15CF-C083139B2B02}"
EndProject
Project("{FAE04EC0-301F-11D3-BF4B-00C04F79EFBC}") = "Unity.2D.SpriteShape.Runtime", "Unity.2D.SpriteShape.Runtime.Player.csproj", "{D0176E7D-7BB7-91A1-23E4-E7DC6BB961F9}"
EndProject
Project("{FAE04EC0-301F-11D3-BF4B-00C04F79EFBC}") = "Assembly-CSharp", "Assembly-CSharp.Player.csproj", "{1E717BBD-6301-EB90-0AED-711974311EB2}"
EndProject
Project("{FAE04EC0-301F-11D3-BF4B-00C04F79EFBC}") = "Unity.2D.PixelPerfect", "Unity.2D.PixelPerfect.Player.csproj", "{A53F1AFB-6732-0E49-CF3F-70F366B394F7}"
EndProject
Project("{FAE04EC0-301F-11D3-BF4B-00C04F79EFBC}") = "Unity.2D.Common.Runtime", "Unity.2D.Common.Runtime.Player.csproj", "{8C6D5EFE-F0DA-920C-E5F6-0AA7188B94D4}"
EndProject
Project("{FAE04EC0-301F-11D3-BF4B-00C04F79EFBC}") = "Unity.InternalAPIEngineBridge.001", "Unity.InternalAPIEngineBridge.001.Player.csproj", "{59F72097-1538-958D-94FA-705E93DB49AF}"
EndProject
Global
	GlobalSection(SolutionConfigurationPlatforms) = preSolution
		Debug|Any CPU = Debug|Any CPU
		Release|Any CPU = Release|Any CPU
	EndGlobalSection
	GlobalSection(ProjectConfigurationPlatforms) = postSolution
		{8E735B15-984D-B3BC-0357-8D0252D9C5F3}.Debug|Any CPU.ActiveCfg = Debug|Any CPU
		{8E735B15-984D-B3BC-0357-8D0252D9C5F3}.Debug|Any CPU.Build.0 = Debug|Any CPU
		{8E735B15-984D-B3BC-0357-8D0252D9C5F3}.Release|Any CPU.ActiveCfg = Release|Any CPU
		{8E735B15-984D-B3BC-0357-8D0252D9C5F3}.Release|Any CPU.Build.0 = Release|Any CPU
		{444B8F75-3407-7322-9C02-CEC037A5081B}.Debug|Any CPU.ActiveCfg = Debug|Any CPU
		{444B8F75-3407-7322-9C02-CEC037A5081B}.Debug|Any CPU.Build.0 = Debug|Any CPU
		{444B8F75-3407-7322-9C02-CEC037A5081B}.Release|Any CPU.ActiveCfg = Release|Any CPU
		{444B8F75-3407-7322-9C02-CEC037A5081B}.Release|Any CPU.Build.0 = Release|Any CPU
		{1210E987-C01F-980F-6297-5382C7DB655A}.Debug|Any CPU.ActiveCfg = Debug|Any CPU
		{1210E987-C01F-980F-6297-5382C7DB655A}.Debug|Any CPU.Build.0 = Debug|Any CPU
		{1210E987-C01F-980F-6297-5382C7DB655A}.Release|Any CPU.ActiveCfg = Release|Any CPU
		{1210E987-C01F-980F-6297-5382C7DB655A}.Release|Any CPU.Build.0 = Release|Any CPU
		{DA5E5A9D-BA7C-B3F3-299A-B0B59CEC2194}.Debug|Any CPU.ActiveCfg = Debug|Any CPU
		{DA5E5A9D-BA7C-B3F3-299A-B0B59CEC2194}.Debug|Any CPU.Build.0 = Debug|Any CPU
		{DA5E5A9D-BA7C-B3F3-299A-B0B59CEC2194}.Release|Any CPU.ActiveCfg = Release|Any CPU
		{DA5E5A9D-BA7C-B3F3-299A-B0B59CEC2194}.Release|Any CPU.Build.0 = Release|Any CPU
		{CB3B882A-4A7E-29B5-8D66-E02B34D0D8D1}.Debug|Any CPU.ActiveCfg = Debug|Any CPU
		{CB3B882A-4A7E-29B5-8D66-E02B34D0D8D1}.Debug|Any CPU.Build.0 = Debug|Any CPU
		{CB3B882A-4A7E-29B5-8D66-E02B34D0D8D1}.Release|Any CPU.ActiveCfg = Release|Any CPU
		{CB3B882A-4A7E-29B5-8D66-E02B34D0D8D1}.Release|Any CPU.Build.0 = Release|Any CPU
		{A1293C06-5192-F4F5-7B06-E273BFA88522}.Debug|Any CPU.ActiveCfg = Debug|Any CPU
		{A1293C06-5192-F4F5-7B06-E273BFA88522}.Debug|Any CPU.Build.0 = Debug|Any CPU
		{A1293C06-5192-F4F5-7B06-E273BFA88522}.Release|Any CPU.ActiveCfg = Release|Any CPU
		{A1293C06-5192-F4F5-7B06-E273BFA88522}.Release|Any CPU.Build.0 = Release|Any CPU
		{583DB65D-6CDB-55B8-F0AF-64A1F20964CB}.Debug|Any CPU.ActiveCfg = Debug|Any CPU
		{583DB65D-6CDB-55B8-F0AF-64A1F20964CB}.Debug|Any CPU.Build.0 = Debug|Any CPU
		{583DB65D-6CDB-55B8-F0AF-64A1F20964CB}.Release|Any CPU.ActiveCfg = Release|Any CPU
		{583DB65D-6CDB-55B8-F0AF-64A1F20964CB}.Release|Any CPU.Build.0 = Release|Any CPU
		{4F30C7E9-9AA8-950A-EA4F-E6F0EB641143}.Debug|Any CPU.ActiveCfg = Debug|Any CPU
		{4F30C7E9-9AA8-950A-EA4F-E6F0EB641143}.Debug|Any CPU.Build.0 = Debug|Any CPU
		{4F30C7E9-9AA8-950A-EA4F-E6F0EB641143}.Release|Any CPU.ActiveCfg = Release|Any CPU
		{4F30C7E9-9AA8-950A-EA4F-E6F0EB641143}.Release|Any CPU.Build.0 = Release|Any CPU
		{FB32C18F-49CC-3B01-3E19-7C80F27C3016}.Debug|Any CPU.ActiveCfg = Debug|Any CPU
		{FB32C18F-49CC-3B01-3E19-7C80F27C3016}.Debug|Any CPU.Build.0 = Debug|Any CPU
		{FB32C18F-49CC-3B01-3E19-7C80F27C3016}.Release|Any CPU.ActiveCfg = Release|Any CPU
		{FB32C18F-49CC-3B01-3E19-7C80F27C3016}.Release|Any CPU.Build.0 = Release|Any CPU
		{E073CFEA-6EB1-AAE6-1893-5C6D6EBD8275}.Debug|Any CPU.ActiveCfg = Debug|Any CPU
		{E073CFEA-6EB1-AAE6-1893-5C6D6EBD8275}.Debug|Any CPU.Build.0 = Debug|Any CPU
		{E073CFEA-6EB1-AAE6-1893-5C6D6EBD8275}.Release|Any CPU.ActiveCfg = Release|Any CPU
		{E073CFEA-6EB1-AAE6-1893-5C6D6EBD8275}.Release|Any CPU.Build.0 = Release|Any CPU
		{B0C59120-D49A-8312-A4DE-FD22048D2D42}.Debug|Any CPU.ActiveCfg = Debug|Any CPU
		{B0C59120-D49A-8312-A4DE-FD22048D2D42}.Debug|Any CPU.Build.0 = Debug|Any CPU
		{B0C59120-D49A-8312-A4DE-FD22048D2D42}.Release|Any CPU.ActiveCfg = Release|Any CPU
		{B0C59120-D49A-8312-A4DE-FD22048D2D42}.Release|Any CPU.Build.0 = Release|Any CPU
		{6306BECE-C121-3E5C-F1EE-1285693A6248}.Debug|Any CPU.ActiveCfg = Debug|Any CPU
		{6306BECE-C121-3E5C-F1EE-1285693A6248}.Debug|Any CPU.Build.0 = Debug|Any CPU
		{6306BECE-C121-3E5C-F1EE-1285693A6248}.Release|Any CPU.ActiveCfg = Release|Any CPU
		{6306BECE-C121-3E5C-F1EE-1285693A6248}.Release|Any CPU.Build.0 = Release|Any CPU
		{24CDBD51-B6A8-4090-69A1-5B487EA6E347}.Debug|Any CPU.ActiveCfg = Debug|Any CPU
		{24CDBD51-B6A8-4090-69A1-5B487EA6E347}.Debug|Any CPU.Build.0 = Debug|Any CPU
		{24CDBD51-B6A8-4090-69A1-5B487EA6E347}.Release|Any CPU.ActiveCfg = Release|Any CPU
		{24CDBD51-B6A8-4090-69A1-5B487EA6E347}.Release|Any CPU.Build.0 = Release|Any CPU
		{5A8CABE8-2A74-A8EE-7561-462C49C3A326}.Debug|Any CPU.ActiveCfg = Debug|Any CPU
		{5A8CABE8-2A74-A8EE-7561-462C49C3A326}.Debug|Any CPU.Build.0 = Debug|Any CPU
		{5A8CABE8-2A74-A8EE-7561-462C49C3A326}.Release|Any CPU.ActiveCfg = Release|Any CPU
		{5A8CABE8-2A74-A8EE-7561-462C49C3A326}.Release|Any CPU.Build.0 = Release|Any CPU
		{0A84242A-8D06-F70D-644C-53F6B3D98A2E}.Debug|Any CPU.ActiveCfg = Debug|Any CPU
		{0A84242A-8D06-F70D-644C-53F6B3D98A2E}.Debug|Any CPU.Build.0 = Debug|Any CPU
		{0A84242A-8D06-F70D-644C-53F6B3D98A2E}.Release|Any CPU.ActiveCfg = Release|Any CPU
		{0A84242A-8D06-F70D-644C-53F6B3D98A2E}.Release|Any CPU.Build.0 = Release|Any CPU
		{BA34B597-906A-EA9C-2CE8-25458D342D6D}.Debug|Any CPU.ActiveCfg = Debug|Any CPU
		{BA34B597-906A-EA9C-2CE8-25458D342D6D}.Debug|Any CPU.Build.0 = Debug|Any CPU
		{BA34B597-906A-EA9C-2CE8-25458D342D6D}.Release|Any CPU.ActiveCfg = Release|Any CPU
		{BA34B597-906A-EA9C-2CE8-25458D342D6D}.Release|Any CPU.Build.0 = Release|Any CPU
		{C95A14A2-CCFB-87B0-C102-2EF52029B1F6}.Debug|Any CPU.ActiveCfg = Debug|Any CPU
		{C95A14A2-CCFB-87B0-C102-2EF52029B1F6}.Debug|Any CPU.Build.0 = Debug|Any CPU
		{C95A14A2-CCFB-87B0-C102-2EF52029B1F6}.Release|Any CPU.ActiveCfg = Release|Any CPU
		{C95A14A2-CCFB-87B0-C102-2EF52029B1F6}.Release|Any CPU.Build.0 = Release|Any CPU
		{F81434C2-8ECB-8D80-14F7-5857D8DEADA3}.Debug|Any CPU.ActiveCfg = Debug|Any CPU
		{F81434C2-8ECB-8D80-14F7-5857D8DEADA3}.Debug|Any CPU.Build.0 = Debug|Any CPU
		{F81434C2-8ECB-8D80-14F7-5857D8DEADA3}.Release|Any CPU.ActiveCfg = Release|Any CPU
		{F81434C2-8ECB-8D80-14F7-5857D8DEADA3}.Release|Any CPU.Build.0 = Release|Any CPU
		{34B4126D-452D-66BC-41EC-1C766AAB35E1}.Debug|Any CPU.ActiveCfg = Debug|Any CPU
		{34B4126D-452D-66BC-41EC-1C766AAB35E1}.Debug|Any CPU.Build.0 = Debug|Any CPU
		{34B4126D-452D-66BC-41EC-1C766AAB35E1}.Release|Any CPU.ActiveCfg = Release|Any CPU
		{34B4126D-452D-66BC-41EC-1C766AAB35E1}.Release|Any CPU.Build.0 = Release|Any CPU
		{EE37CBA4-B1C0-9351-79C7-CCEFA89ECC47}.Debug|Any CPU.ActiveCfg = Debug|Any CPU
		{EE37CBA4-B1C0-9351-79C7-CCEFA89ECC47}.Debug|Any CPU.Build.0 = Debug|Any CPU
		{EE37CBA4-B1C0-9351-79C7-CCEFA89ECC47}.Release|Any CPU.ActiveCfg = Release|Any CPU
		{EE37CBA4-B1C0-9351-79C7-CCEFA89ECC47}.Release|Any CPU.Build.0 = Release|Any CPU
		{F412F4CE-8666-783D-3E02-E3E1C12B1109}.Debug|Any CPU.ActiveCfg = Debug|Any CPU
		{F412F4CE-8666-783D-3E02-E3E1C12B1109}.Debug|Any CPU.Build.0 = Debug|Any CPU
		{F412F4CE-8666-783D-3E02-E3E1C12B1109}.Release|Any CPU.ActiveCfg = Release|Any CPU
		{F412F4CE-8666-783D-3E02-E3E1C12B1109}.Release|Any CPU.Build.0 = Release|Any CPU
		{387EFAFE-FF9C-454E-7061-29BE039E414F}.Debug|Any CPU.ActiveCfg = Debug|Any CPU
		{387EFAFE-FF9C-454E-7061-29BE039E414F}.Debug|Any CPU.Build.0 = Debug|Any CPU
		{387EFAFE-FF9C-454E-7061-29BE039E414F}.Release|Any CPU.ActiveCfg = Release|Any CPU
		{387EFAFE-FF9C-454E-7061-29BE039E414F}.Release|Any CPU.Build.0 = Release|Any CPU
		{C303704C-2A0B-0174-3BFE-16168D1AC401}.Debug|Any CPU.ActiveCfg = Debug|Any CPU
		{C303704C-2A0B-0174-3BFE-16168D1AC401}.Debug|Any CPU.Build.0 = Debug|Any CPU
		{C303704C-2A0B-0174-3BFE-16168D1AC401}.Release|Any CPU.ActiveCfg = Release|Any CPU
		{C303704C-2A0B-0174-3BFE-16168D1AC401}.Release|Any CPU.Build.0 = Release|Any CPU
		{F856129F-ABB6-5E4F-D631-37AE59D6345F}.Debug|Any CPU.ActiveCfg = Debug|Any CPU
		{F856129F-ABB6-5E4F-D631-37AE59D6345F}.Debug|Any CPU.Build.0 = Debug|Any CPU
		{F856129F-ABB6-5E4F-D631-37AE59D6345F}.Release|Any CPU.ActiveCfg = Release|Any CPU
		{F856129F-ABB6-5E4F-D631-37AE59D6345F}.Release|Any CPU.Build.0 = Release|Any CPU
		{13B8B1D7-6ED2-BD65-FCCD-B8855510AF27}.Debug|Any CPU.ActiveCfg = Debug|Any CPU
		{13B8B1D7-6ED2-BD65-FCCD-B8855510AF27}.Debug|Any CPU.Build.0 = Debug|Any CPU
		{13B8B1D7-6ED2-BD65-FCCD-B8855510AF27}.Release|Any CPU.ActiveCfg = Release|Any CPU
		{13B8B1D7-6ED2-BD65-FCCD-B8855510AF27}.Release|Any CPU.Build.0 = Release|Any CPU
		{4B174620-9FE3-104A-4F54-BE6102DF4537}.Debug|Any CPU.ActiveCfg = Debug|Any CPU
		{4B174620-9FE3-104A-4F54-BE6102DF4537}.Debug|Any CPU.Build.0 = Debug|Any CPU
		{4B174620-9FE3-104A-4F54-BE6102DF4537}.Release|Any CPU.ActiveCfg = Release|Any CPU
		{4B174620-9FE3-104A-4F54-BE6102DF4537}.Release|Any CPU.Build.0 = Release|Any CPU
		{6F387AE9-685D-3BA2-8A58-1A3F4EAD8815}.Debug|Any CPU.ActiveCfg = Debug|Any CPU
		{6F387AE9-685D-3BA2-8A58-1A3F4EAD8815}.Debug|Any CPU.Build.0 = Debug|Any CPU
		{6F387AE9-685D-3BA2-8A58-1A3F4EAD8815}.Release|Any CPU.ActiveCfg = Release|Any CPU
		{6F387AE9-685D-3BA2-8A58-1A3F4EAD8815}.Release|Any CPU.Build.0 = Release|Any CPU
		{C7BCC9F3-94E9-5364-E128-06E2070263D7}.Debug|Any CPU.ActiveCfg = Debug|Any CPU
		{C7BCC9F3-94E9-5364-E128-06E2070263D7}.Debug|Any CPU.Build.0 = Debug|Any CPU
		{C7BCC9F3-94E9-5364-E128-06E2070263D7}.Release|Any CPU.ActiveCfg = Release|Any CPU
		{C7BCC9F3-94E9-5364-E128-06E2070263D7}.Release|Any CPU.Build.0 = Release|Any CPU
		{092D6FBB-E503-6DA6-C546-B04A58D8FECC}.Debug|Any CPU.ActiveCfg = Debug|Any CPU
		{092D6FBB-E503-6DA6-C546-B04A58D8FECC}.Debug|Any CPU.Build.0 = Debug|Any CPU
		{092D6FBB-E503-6DA6-C546-B04A58D8FECC}.Release|Any CPU.ActiveCfg = Release|Any CPU
		{092D6FBB-E503-6DA6-C546-B04A58D8FECC}.Release|Any CPU.Build.0 = Release|Any CPU
		{C3352FE7-8B18-E779-433B-D8E3021050CD}.Debug|Any CPU.ActiveCfg = Debug|Any CPU
		{C3352FE7-8B18-E779-433B-D8E3021050CD}.Debug|Any CPU.Build.0 = Debug|Any CPU
		{C3352FE7-8B18-E779-433B-D8E3021050CD}.Release|Any CPU.ActiveCfg = Release|Any CPU
		{C3352FE7-8B18-E779-433B-D8E3021050CD}.Release|Any CPU.Build.0 = Release|Any CPU
		{A2E65C75-9FE6-8BF1-C288-8645B81DF0A1}.Debug|Any CPU.ActiveCfg = Debug|Any CPU
		{A2E65C75-9FE6-8BF1-C288-8645B81DF0A1}.Debug|Any CPU.Build.0 = Debug|Any CPU
		{A2E65C75-9FE6-8BF1-C288-8645B81DF0A1}.Release|Any CPU.ActiveCfg = Release|Any CPU
		{A2E65C75-9FE6-8BF1-C288-8645B81DF0A1}.Release|Any CPU.Build.0 = Release|Any CPU
		{DC6B50D1-4E08-B6C2-D387-C52A543D2836}.Debug|Any CPU.ActiveCfg = Debug|Any CPU
		{DC6B50D1-4E08-B6C2-D387-C52A543D2836}.Debug|Any CPU.Build.0 = Debug|Any CPU
		{DC6B50D1-4E08-B6C2-D387-C52A543D2836}.Release|Any CPU.ActiveCfg = Release|Any CPU
		{DC6B50D1-4E08-B6C2-D387-C52A543D2836}.Release|Any CPU.Build.0 = Release|Any CPU
		{A2EC4139-415D-0C7A-7CE1-B16CBD3DA3DB}.Debug|Any CPU.ActiveCfg = Debug|Any CPU
		{A2EC4139-415D-0C7A-7CE1-B16CBD3DA3DB}.Debug|Any CPU.Build.0 = Debug|Any CPU
		{A2EC4139-415D-0C7A-7CE1-B16CBD3DA3DB}.Release|Any CPU.ActiveCfg = Release|Any CPU
		{A2EC4139-415D-0C7A-7CE1-B16CBD3DA3DB}.Release|Any CPU.Build.0 = Release|Any CPU
		{6B333EC9-43A8-E2F3-8D27-8743F7FCF685}.Debug|Any CPU.ActiveCfg = Debug|Any CPU
		{6B333EC9-43A8-E2F3-8D27-8743F7FCF685}.Debug|Any CPU.Build.0 = Debug|Any CPU
		{6B333EC9-43A8-E2F3-8D27-8743F7FCF685}.Release|Any CPU.ActiveCfg = Release|Any CPU
		{6B333EC9-43A8-E2F3-8D27-8743F7FCF685}.Release|Any CPU.Build.0 = Release|Any CPU
		{F9BD4A5C-4577-DC46-F128-BAEDF2676CE2}.Debug|Any CPU.ActiveCfg = Debug|Any CPU
		{F9BD4A5C-4577-DC46-F128-BAEDF2676CE2}.Debug|Any CPU.Build.0 = Debug|Any CPU
		{F9BD4A5C-4577-DC46-F128-BAEDF2676CE2}.Release|Any CPU.ActiveCfg = Release|Any CPU
		{F9BD4A5C-4577-DC46-F128-BAEDF2676CE2}.Release|Any CPU.Build.0 = Release|Any CPU
		{9A87C001-A54C-06F6-CDAC-C093C4757424}.Debug|Any CPU.ActiveCfg = Debug|Any CPU
		{9A87C001-A54C-06F6-CDAC-C093C4757424}.Debug|Any CPU.Build.0 = Debug|Any CPU
		{9A87C001-A54C-06F6-CDAC-C093C4757424}.Release|Any CPU.ActiveCfg = Release|Any CPU
		{9A87C001-A54C-06F6-CDAC-C093C4757424}.Release|Any CPU.Build.0 = Release|Any CPU
		{9D8AB998-B393-E675-044B-70B8086D0D39}.Debug|Any CPU.ActiveCfg = Debug|Any CPU
		{9D8AB998-B393-E675-044B-70B8086D0D39}.Debug|Any CPU.Build.0 = Debug|Any CPU
		{9D8AB998-B393-E675-044B-70B8086D0D39}.Release|Any CPU.ActiveCfg = Release|Any CPU
		{9D8AB998-B393-E675-044B-70B8086D0D39}.Release|Any CPU.Build.0 = Release|Any CPU
		{85E3D45A-BD54-F979-313B-D744BCDFC544}.Debug|Any CPU.ActiveCfg = Debug|Any CPU
		{85E3D45A-BD54-F979-313B-D744BCDFC544}.Debug|Any CPU.Build.0 = Debug|Any CPU
		{85E3D45A-BD54-F979-313B-D744BCDFC544}.Release|Any CPU.ActiveCfg = Release|Any CPU
		{85E3D45A-BD54-F979-313B-D744BCDFC544}.Release|Any CPU.Build.0 = Release|Any CPU
		{CDE8B9CE-5518-B79F-81D3-C45C0BC6172E}.Debug|Any CPU.ActiveCfg = Debug|Any CPU
		{CDE8B9CE-5518-B79F-81D3-C45C0BC6172E}.Debug|Any CPU.Build.0 = Debug|Any CPU
		{CDE8B9CE-5518-B79F-81D3-C45C0BC6172E}.Release|Any CPU.ActiveCfg = Release|Any CPU
		{CDE8B9CE-5518-B79F-81D3-C45C0BC6172E}.Release|Any CPU.Build.0 = Release|Any CPU
		{1CD9E260-6C4B-B9B4-500C-B41CCA1EBD03}.Debug|Any CPU.ActiveCfg = Debug|Any CPU
		{1CD9E260-6C4B-B9B4-500C-B41CCA1EBD03}.Debug|Any CPU.Build.0 = Debug|Any CPU
		{1CD9E260-6C4B-B9B4-500C-B41CCA1EBD03}.Release|Any CPU.ActiveCfg = Release|Any CPU
		{1CD9E260-6C4B-B9B4-500C-B41CCA1EBD03}.Release|Any CPU.Build.0 = Release|Any CPU
		{2FF3B1E5-A580-6B1E-15CF-C083139B2B02}.Debug|Any CPU.ActiveCfg = Debug|Any CPU
		{2FF3B1E5-A580-6B1E-15CF-C083139B2B02}.Debug|Any CPU.Build.0 = Debug|Any CPU
		{2FF3B1E5-A580-6B1E-15CF-C083139B2B02}.Release|Any CPU.ActiveCfg = Release|Any CPU
		{2FF3B1E5-A580-6B1E-15CF-C083139B2B02}.Release|Any CPU.Build.0 = Release|Any CPU
		{D0176E7D-7BB7-91A1-23E4-E7DC6BB961F9}.Debug|Any CPU.ActiveCfg = Debug|Any CPU
		{D0176E7D-7BB7-91A1-23E4-E7DC6BB961F9}.Debug|Any CPU.Build.0 = Debug|Any CPU
		{D0176E7D-7BB7-91A1-23E4-E7DC6BB961F9}.Release|Any CPU.ActiveCfg = Release|Any CPU
		{D0176E7D-7BB7-91A1-23E4-E7DC6BB961F9}.Release|Any CPU.Build.0 = Release|Any CPU
		{1E717BBD-6301-EB90-0AED-711974311EB2}.Debug|Any CPU.ActiveCfg = Debug|Any CPU
		{1E717BBD-6301-EB90-0AED-711974311EB2}.Debug|Any CPU.Build.0 = Debug|Any CPU
		{1E717BBD-6301-EB90-0AED-711974311EB2}.Release|Any CPU.ActiveCfg = Release|Any CPU
		{1E717BBD-6301-EB90-0AED-711974311EB2}.Release|Any CPU.Build.0 = Release|Any CPU
		{A53F1AFB-6732-0E49-CF3F-70F366B394F7}.Debug|Any CPU.ActiveCfg = Debug|Any CPU
		{A53F1AFB-6732-0E49-CF3F-70F366B394F7}.Debug|Any CPU.Build.0 = Debug|Any CPU
		{A53F1AFB-6732-0E49-CF3F-70F366B394F7}.Release|Any CPU.ActiveCfg = Release|Any CPU
		{A53F1AFB-6732-0E49-CF3F-70F366B394F7}.Release|Any CPU.Build.0 = Release|Any CPU
		{8C6D5EFE-F0DA-920C-E5F6-0AA7188B94D4}.Debug|Any CPU.ActiveCfg = Debug|Any CPU
		{8C6D5EFE-F0DA-920C-E5F6-0AA7188B94D4}.Debug|Any CPU.Build.0 = Debug|Any CPU
		{8C6D5EFE-F0DA-920C-E5F6-0AA7188B94D4}.Release|Any CPU.ActiveCfg = Release|Any CPU
		{8C6D5EFE-F0DA-920C-E5F6-0AA7188B94D4}.Release|Any CPU.Build.0 = Release|Any CPU
		{59F72097-1538-958D-94FA-705E93DB49AF}.Debug|Any CPU.ActiveCfg = Debug|Any CPU
		{59F72097-1538-958D-94FA-705E93DB49AF}.Debug|Any CPU.Build.0 = Debug|Any CPU
		{59F72097-1538-958D-94FA-705E93DB49AF}.Release|Any CPU.ActiveCfg = Release|Any CPU
		{59F72097-1538-958D-94FA-705E93DB49AF}.Release|Any CPU.Build.0 = Release|Any CPU
	EndGlobalSection
	GlobalSection(SolutionProperties) = preSolution
		HideSolutionNode = FALSE
	EndGlobalSection
EndGlobal
